
Microsoft Visual Studio Solution File, Format Version 12.00
# Visual Studio 2013
VisualStudioVersion = 12.0.30723.0
MinimumVisualStudioVersion = 10.0.40219.1
Project("{FAE04EC0-301F-11D3-BF4B-00C04F79EFBC}") = "NearestHotelInformation", "NearestHotelInformation\NearestHotelInformation.csproj", "{451D0534-83CB-4F3F-8516-46F44FC1D12E}"
EndProject
Global
	GlobalSection(SolutionConfigurationPlatforms) = preSolution
		Debug|Any CPU = Debug|Any CPU
		Release|Any CPU = Release|Any CPU
	EndGlobalSection
	GlobalSection(ProjectConfigurationPlatforms) = postSolution
		{451D0534-83CB-4F3F-8516-46F44FC1D12E}.Debug|Any CPU.ActiveCfg = Debug|Any CPU
		{451D0534-83CB-4F3F-8516-46F44FC1D12E}.Debug|Any CPU.Build.0 = Debug|Any CPU
		{451D0534-83CB-4F3F-8516-46F44FC1D12E}.Release|Any CPU.ActiveCfg = Release|Any CPU
		{451D0534-83CB-4F3F-8516-46F44FC1D12E}.Release|Any CPU.Build.0 = Release|Any CPU
	EndGlobalSection
	GlobalSection(SolutionProperties) = preSolution
		HideSolutionNode = FALSE
	EndGlobalSection
EndGlobal
